
Microsoft Visual Studio Solution File, Format Version 12.00
# Visual Studio Version 16
VisualStudioVersion = 16.0.30204.135
MinimumVisualStudioVersion = 10.0.40219.1
Project("{FAE04EC0-301F-11D3-BF4B-00C04F79EFBC}") = "DependencyInjectionVSIX", "DependencyInjectionVSIX\DependencyInjectionVSIX.csproj", "{207E5A84-38E1-4F57-BC27-0A2ED5655F29}"
EndProject
Global
	GlobalSection(SolutionConfigurationPlatforms) = preSolution
		Debug|Any CPU = Debug|Any CPU
		Release|Any CPU = Release|Any CPU
	EndGlobalSection
	GlobalSection(ProjectConfigurationPlatforms) = postSolution
		{207E5A84-38E1-4F57-BC27-0A2ED5655F29}.Debug|Any CPU.ActiveCfg = Debug|Any CPU
		{207E5A84-38E1-4F57-BC27-0A2ED5655F29}.Debug|Any CPU.Build.0 = Debug|Any CPU
		{207E5A84-38E1-4F57-BC27-0A2ED5655F29}.Release|Any CPU.ActiveCfg = Release|Any CPU
		{207E5A84-38E1-4F57-BC27-0A2ED5655F29}.Release|Any CPU.Build.0 = Release|Any CPU
	EndGlobalSection
	GlobalSection(SolutionProperties) = preSolution
		HideSolutionNode = FALSE
	EndGlobalSection
	GlobalSection(ExtensibilityGlobals) = postSolution
		SolutionGuid = {FCB8AC55-B8BD-4174-B31B-0ACD35190E7E}
	EndGlobalSection
EndGlobal
